// !$*UTF8*$!
{
	archiveVersion = 1;
	classes = {
	};
	objectVersion = 46;
	objects = {

/* Begin PBXBuildFile section */
		755DF7481DC1DFE4005A7DEC /* AppDelegate.swift in Sources */ = {isa = PBXBuildFile; fileRef = 755DF7471DC1DFE4005A7DEC /* AppDelegate.swift */; };
		755DF74A1DC1DFE4005A7DEC /* ViewController.swift in Sources */ = {isa = PBXBuildFile; fileRef = 755DF7491DC1DFE4005A7DEC /* ViewController.swift */; };
		755DF74D1DC1DFE4005A7DEC /* Main.storyboard in Resources */ = {isa = PBXBuildFile; fileRef = 755DF74B1DC1DFE4005A7DEC /* Main.storyboard */; };
		755DF74F1DC1DFE4005A7DEC /* Assets.xcassets in Resources */ = {isa = PBXBuildFile; fileRef = 755DF74E1DC1DFE4005A7DEC /* Assets.xcassets */; };
		755DF7521DC1DFE4005A7DEC /* LaunchScreen.storyboard in Resources */ = {isa = PBXBuildFile; fileRef = 755DF7501DC1DFE4005A7DEC /* LaunchScreen.storyboard */; };
/* End PBXBuildFile section */

/* Begin PBXFileReference section */
		755DF7441DC1DFE4005A7DEC /* GampzApp.app */ = {isa = PBXFileReference; explicitFileType = wrapper.application; includeInIndex = 0; path = GampzApp.app; sourceTree = BUILT_PRODUCTS_DIR; };
		755DF7471DC1DFE4005A7DEC /* AppDelegate.swift */ = {isa = PBXFileReference; lastKnownFileType = sourcecode.swift; path = AppDelegate.swift; sourceTree = "<group>"; };
		755DF7491DC1DFE4005A7DEC /* ViewController.swift */ = {isa = PBXFileReference; lastKnownFileType = sourcecode.swift; path = ViewController.swift; sourceTree = "<group>"; };
		755DF74C1DC1DFE4005A7DEC /* Base */ = {isa = PBXFileReference; lastKnownFileType = file.storyboard; name = Base; path = Base.lproj/Main.storyboard; sourceTree = "<group>"; };
		755DF74E1DC1DFE4005A7DEC /* Assets.xcassets */ = {isa = PBXFileReference; lastKnownFileType = folder.assetcatalog; path = Assets.xcassets; sourceTree = "<group>"; };
		755DF7511DC1DFE4005A7DEC /* Base */ = {isa = PBXFileReference; lastKnownFileType = file.storyboard; name = Base; path = Base.lproj/LaunchScreen.storyboard; sourceTree = "<group>"; };
		755DF7531DC1DFE4005A7DEC /* Info.plist */ = {isa = PBXFileReference; lastKnownFileType = text.plist.xml; path = Info.plist; sourceTree = "<group>"; };
/* End PBXFileReference section */

/* Begin PBXFrameworksBuildPhase section */
		755DF7411DC1DFE4005A7DEC /* Frameworks */ = {
			isa = PBXFrameworksBuildPhase;
			buildActionMask = 2147483647;
			files = (
			);
			runOnlyForDeploymentPostprocessing = 0;
		};
/* End PBXFrameworksBuildPhase section */

/* Begin PBXGroup section */
		755DF73B1DC1DFE3005A7DEC = {
			isa = PBXGroup;
			children = (
				755DF7461DC1DFE4005A7DEC /* GampzApp */,
				755DF7451DC1DFE4005A7DEC /* Products */,
			);
			sourceTree = "<group>";
		};
		755DF7451DC1DFE4005A7DEC /* Products */ = {
			isa = PBXGroup;
			children = (
				755DF7441DC1DFE4005A7DEC /* GampzApp.app */,
			);
			name = Products;
			sourceTree = "<group>";
		};
		755DF7461DC1DFE4005A7DEC /* GampzApp */ = {
			isa = PBXGroup;
			children = (
				755DF7471DC1DFE4005A7DEC /* AppDelegate.swift */,
				755DF7491DC1DFE4005A7DEC /* ViewController.swift */,
				755DF74B1DC1DFE4005A7DEC /* Main.storyboard */,
				755DF74E1DC1DFE4005A7DEC /* Assets.xcassets */,
				755DF7501DC1DFE4005A7DEC /* LaunchScreen.storyboard */,
				755DF7531DC1DFE4005A7DEC /* Info.plist */,
			);
			path = GampzApp;
			sourceTree = "<group>";
		};
/* End PBXGroup section */

/* Begin PBXNativeTarget section */
		755DF7431DC1DFE4005A7DEC /* GampzApp */ = {
			isa = PBXNativeTarget;
			buildConfigurationList = 755DF7561DC1DFE4005A7DEC /* Build configuration list for PBXNativeTarget "GampzApp" */;
			buildPhases = (
				755DF7401DC1DFE4005A7DEC /* Sources */,
				755DF7411DC1DFE4005A7DEC /* Frameworks */,
				755DF7421DC1DFE4005A7DEC /* Resources */,
			);
			buildRules = (
			);
			dependencies = (
			);
			name = GampzApp;
			productName = GampzApp;
			productReference = 755DF7441DC1DFE4005A7DEC /* GampzApp.app */;
			productType = "com.apple.product-type.application";
		};
/* End PBXNativeTarget section */

/* Begin PBXProject section */
		755DF73C1DC1DFE3005A7DEC /* Project object */ = {
			isa = PBXProject;
			attributes = {
				LastSwiftUpdateCheck = 0800;
				LastUpgradeCheck = 0800;
				ORGANIZATIONNAME = CSPC143;
				TargetAttributes = {
					755DF7431DC1DFE4005A7DEC = {
						CreatedOnToolsVersion = 8.0;
						ProvisioningStyle = Automatic;
					};
				};
			};
			buildConfigurationList = 755DF73F1DC1DFE3005A7DEC /* Build configuration list for PBXProject "GampzApp" */;
			compatibilityVersion = "Xcode 3.2";
			developmentRegion = English;
			hasScannedForEncodings = 0;
			knownRegions = (
				en,
				Base,
			);
			mainGroup = 755DF73B1DC1DFE3005A7DEC;
			productRefGroup = 755DF7451DC1DFE4005A7DEC /* Products */;
			projectDirPath = "";
			projectRoot = "";
			targets = (
				755DF7431DC1DFE4005A7DEC /* GampzApp */,
			);
		};
/* End PBXProject section */

/* Begin PBXResourcesBuildPhase section */
		755DF7421DC1DFE4005A7DEC /* Resources */ = {
			isa = PBXResourcesBuildPhase;
			buildActionMask = 2147483647;
			files = (
				755DF7521DC1DFE4005A7DEC /* LaunchScreen.storyboard in Resources */,
				755DF74F1DC1DFE4005A7DEC /* Assets.xcassets in Resources */,
				755DF74D1DC1DFE4005A7DEC /* Main.storyboard in Resources */,
			);
			runOnlyForDeploymentPostprocessing = 0;
		};
/* End PBXResourcesBuildPhase section */

/* Begin PBXSourcesBuildPhase section */
		755DF7401DC1DFE4005A7DEC /* Sources */ = {
			isa = PBXSourcesBuildPhase;
			buildActionMask = 2147483647;
			files = (
				755DF74A1DC1DFE4005A7DEC /* ViewController.swift in Sources */,
				755DF7481DC1DFE4005A7DEC /* AppDelegate.swift in Sources */,
			);
			runOnlyForDeploymentPostprocessing = 0;
		};
/* End PBXSourcesBuildPhase section */

/* Begin PBXVariantGroup section */
		755DF74B1DC1DFE4005A7DEC /* Main.storyboard */ = {
			isa = PBXVariantGroup;
			children = (
				755DF74C1DC1DFE4005A7DEC /* Base */,
			);
			name = Main.storyboard;
			sourceTree = "<group>";
		};
		755DF7501DC1DFE4005A7DEC /* LaunchScreen.storyboard */ = {
			isa = PBXVariantGroup;
			children = (
				755DF7511DC1DFE4005A7DEC /* Base */,
			);
			name = LaunchScreen.storyboard;
			sourceTree = "<group>";
		};
/* End PBXVariantGroup section */

/* Begin XCBuildConfiguration section */
		755DF7541DC1DFE4005A7DEC /* Debug */ = {
			isa = XCBuildConfiguration;
			buildSettings = {
				ALWAYS_SEARCH_USER_PATHS = NO;
				CLANG_ANALYZER_NONNULL = YES;
				CLANG_CXX_LANGUAGE_STANDARD = "gnu++0x";
				CLANG_CXX_LIBRARY = "libc++";
				CLANG_ENABLE_MODULES = YES;
				CLANG_ENABLE_OBJC_ARC = YES;
				CLANG_WARN_BOOL_CONVERSION = YES;
				CLANG_WARN_CONSTANT_CONVERSION = YES;
				CLANG_WARN_DIRECT_OBJC_ISA_USAGE = YES_ERROR;
				CLANG_WARN_DOCUMENTATION_COMMENTS = YES;
				CLANG_WARN_EMPTY_BODY = YES;
				CLANG_WARN_ENUM_CONVERSION = YES;
				CLANG_WARN_INFINITE_RECURSION = YES;
				CLANG_WARN_INT_CONVERSION = YES;
				CLANG_WARN_OBJC_ROOT_CLASS = YES_ERROR;
				CLANG_WARN_SUSPICIOUS_MOVES = YES;
				CLANG_WARN_UNREACHABLE_CODE = YES;
				CLANG_WARN__DUPLICATE_METHOD_MATCH = YES;
				"CODE_SIGN_IDENTITY[sdk=iphoneos*]" = "iPhone Developer";
				COPY_PHASE_STRIP = NO;
				DEBUG_INFORMATION_FORMAT = dwarf;
				ENABLE_STRICT_OBJC_MSGSEND = YES;
				ENABLE_TESTABILITY = YES;
				GCC_C_LANGUAGE_STANDARD = gnu99;
				GCC_DYNAMIC_NO_PIC = NO;
				GCC_NO_COMMON_BLOCKS = YES;
				GCC_OPTIMIZATION_LEVEL = 0;
				GCC_PREPROCESSOR_DEFINITIONS = (
					"DEBUG=1",
					"$(inherited)",
				);
				GCC_WARN_64_TO_32_BIT_CONVERSION = YES;
				GCC_WARN_ABOUT_RETURN_TYPE = YES_ERROR;
				GCC_WARN_UNDECLARED_SELECTOR = YES;
				GCC_WARN_UNINITIALIZED_AUTOS = YES_AGGRESSIVE;
				GCC_WARN_UNUSED_FUNCTION = YES;
				GCC_WARN_UNUSED_VARIABLE = YES;
				IPHONEOS_DEPLOYMENT_TARGET = 10.0;
				MTL_ENABLE_DEBUG_INFO = YES;
				ONLY_ACTIVE_ARCH = YES;
				SDKROOT = iphoneos;
				SWIFT_ACTIVE_COMPILATION_CONDITIONS = DEBUG;
				SWIFT_OPTIMIZATION_LEVEL = "-Onone";
			};
			name = Debug;
		};
		755DF7551DC1DFE4005A7DEC /* Release */ = {
			isa = XCBuildConfiguration;
			buildSettings = {
				ALWAYS_SEARCH_USER_PATHS = NO;
				CLANG_ANALYZER_NONNULL = YES;
				CLANG_CXX_LANGUAGE_STANDARD = "gnu++0x";
				CLANG_CXX_LIBRARY = "libc++";
				CLANG_ENABLE_MODULES = YES;
				CLANG_ENABLE_OBJC_ARC = YES;
				CLANG_WARN_BOOL_CONVERSION = YES;
				CLANG_WARN_CONSTANT_CONVERSION = YES;
				CLANG_WARN_DIRECT_OBJC_ISA_USAGE = YES_ERROR;
				CLANG_WARN_DOCUMENTATION_COMMENTS = YES;
				CLANG_WARN_EMPTY_BODY = YES;
				CLANG_WARN_ENUM_CONVERSION = YES;
				CLANG_WARN_INFINITE_RECURSION = YES;
				CLANG_WARN_INT_CONVERSION = YES;
				CLANG_WARN_OBJC_ROOT_CLASS = YES_ERROR;
				CLANG_WARN_SUSPICIOUS_MOVES = YES;
				CLANG_WARN_UNREACHABLE_CODE = YES;
				CLANG_WARN__DUPLICATE_METHOD_MATCH = YES;
				"CODE_SIGN_IDENTITY[sdk=iphoneos*]" = "iPhone Developer";
				COPY_PHASE_STRIP = NO;
				DEBUG_INFORMATION_FORMAT = "dwarf-with-dsym";
				ENABLE_NS_ASSERTIONS = NO;
				ENABLE_STRICT_OBJC_MSGSEND = YES;
				GCC_C_LANGUAGE_STANDARD = gnu99;
				GCC_NO_COMMON_BLOCKS = YES;
				GCC_WARN_64_TO_32_BIT_CONVERSION = YES;
				GCC_WARN_ABOUT_RETURN_TYPE = YES_ERROR;
				GCC_WARN_UNDECLARED_SELECTOR = YES;
				GCC_WARN_UNINITIALIZED_AUTOS = YES_AGGRESSIVE;
				GCC_WARN_UNUSED_FUNCTION = YES;
				GCC_WARN_UNUSED_VARIABLE = YES;
				IPHONEOS_DEPLOYMENT_TARGET = 10.0;
				MTL_ENABLE_DEBUG_INFO = NO;
				SDKROOT = iphoneos;
				SWIFT_OPTIMIZATION_LEVEL = "-Owholemodule";
				VALIDATE_PRODUCT = YES;
			};
			name = Release;
		};
		755DF7571DC1DFE4005A7DEC /* Debug */ = {
			isa = XCBuildConfiguration;
			buildSettings = {
				ASSETCATALOG_COMPILER_APPICON_NAME = AppIcon;
				INFOPLIST_FILE = GampzApp/Info.plist;
				LD_RUNPATH_SEARCH_PATHS = "$(inherited) @executable_path/Frameworks";
				PRODUCT_BUNDLE_IDENTIFIER = cs.GampzApp;
				PRODUCT_NAME = "$(TARGET_NAME)";
				SWIFT_VERSION = 3.0;
			};
			name = Debug;
		};
		755DF7581DC1DFE4005A7DEC /* Release */ = {
			isa = XCBuildConfiguration;
			buildSettings = {
				ASSETCATALOG_COMPILER_APPICON_NAME = AppIcon;
				INFOPLIST_FILE = GampzApp/Info.plist;
				LD_RUNPATH_SEARCH_PATHS = "$(inherited) @executable_path/Frameworks";
				PRODUCT_BUNDLE_IDENTIFIER = cs.GampzApp;
				PRODUCT_NAME = "$(TARGET_NAME)";
				SWIFT_VERSION = 3.0;
			};
			name = Release;
		};
/* End XCBuildConfiguration section */

/* Begin XCConfigurationList section */
		755DF73F1DC1DFE3005A7DEC /* Build configuration list for PBXProject "GampzApp" */ = {
			isa = XCConfigurationList;
			buildConfigurations = (
				755DF7541DC1DFE4005A7DEC /* Debug */,
				755DF7551DC1DFE4005A7DEC /* Release */,
			);
			defaultConfigurationIsVisible = 0;
			defaultConfigurationName = Release;
		};
		755DF7561DC1DFE4005A7DEC /* Build configuration list for PBXNativeTarget "GampzApp" */ = {
			isa = XCConfigurationList;
			buildConfigurations = (
				755DF7571DC1DFE4005A7DEC /* Debug */,
				755DF7581DC1DFE4005A7DEC /* Release */,
			);
			defaultConfigurationIsVisible = 0;
		};
/* End XCConfigurationList section */
	};
	rootObject = 755DF73C1DC1DFE3005A7DEC /* Project object */;
}
